
Microsoft Visual Studio Solution File, Format Version 12.00
# Visual Studio Version 16
VisualStudioVersion = 16.0.29613.14
MinimumVisualStudioVersion = 10.0.40219.1
Project("{FAE04EC0-301F-11D3-BF4B-00C04F79EFBC}") = "BetterLatencyAdjuster", "BetterLatencyAdjuster.csproj", "{063329C5-45F7-4D41-AD9D-9B52E0D9CC07}"
EndProject
Global
	GlobalSection(SolutionConfigurationPlatforms) = preSolution
		Debug|Any CPU = Debug|Any CPU
		Release|Any CPU = Release|Any CPU
	EndGlobalSection
	GlobalSection(ProjectConfigurationPlatforms) = postSolution
		{063329C5-45F7-4D41-AD9D-9B52E0D9CC07}.Debug|Any CPU.ActiveCfg = Debug|Any CPU
		{063329C5-45F7-4D41-AD9D-9B52E0D9CC07}.Debug|Any CPU.Build.0 = Debug|Any CPU
		{063329C5-45F7-4D41-AD9D-9B52E0D9CC07}.Release|Any CPU.ActiveCfg = Release|Any CPU
		{063329C5-45F7-4D41-AD9D-9B52E0D9CC07}.Release|Any CPU.Build.0 = Release|Any CPU
	EndGlobalSection
	GlobalSection(SolutionProperties) = preSolution
		HideSolutionNode = FALSE
	EndGlobalSection
	GlobalSection(ExtensibilityGlobals) = postSolution
		SolutionGuid = {3F7DDB70-DAC2-4764-8079-66F5492F970F}
	EndGlobalSection
EndGlobal
